
Microsoft Visual Studio Solution File, Format Version 12.00
# Visual Studio 15
VisualStudioVersion = 15.0.28010.2046
MinimumVisualStudioVersion = 10.0.40219.1
Project("{FAE04EC0-301F-11D3-BF4B-00C04F79EFBC}") = "ConsoleApp4", "ConsoleApp4\ConsoleApp4.csproj", "{5002FDA8-E476-48BF-994F-0360C1A77B4B}"
EndProject
Global
	GlobalSection(SolutionConfigurationPlatforms) = preSolution
		Debug|Any CPU = Debug|Any CPU
		Release|Any CPU = Release|Any CPU
	EndGlobalSection
	GlobalSection(ProjectConfigurationPlatforms) = postSolution
		{5002FDA8-E476-48BF-994F-0360C1A77B4B}.Debug|Any CPU.ActiveCfg = Debug|Any CPU
		{5002FDA8-E476-48BF-994F-0360C1A77B4B}.Debug|Any CPU.Build.0 = Debug|Any CPU
		{5002FDA8-E476-48BF-994F-0360C1A77B4B}.Release|Any CPU.ActiveCfg = Release|Any CPU
		{5002FDA8-E476-48BF-994F-0360C1A77B4B}.Release|Any CPU.Build.0 = Release|Any CPU
	EndGlobalSection
	GlobalSection(SolutionProperties) = preSolution
		HideSolutionNode = FALSE
	EndGlobalSection
	GlobalSection(ExtensibilityGlobals) = postSolution
		SolutionGuid = {BF42988B-B646-4E5D-BB3F-480348602661}
	EndGlobalSection
EndGlobal
