
Microsoft Visual Studio Solution File, Format Version 12.00
# Visual Studio 15
VisualStudioVersion = 15.0.28010.2019
MinimumVisualStudioVersion = 10.0.40219.1
Project("{FAE04EC0-301F-11D3-BF4B-00C04F79EFBC}") = "WebTorgsoft", "WebApplication3\WebTorgsoft.csproj", "{0CAAFD51-E5B0-4F3F-929D-1A7F10B0035A}"
EndProject
Global
	GlobalSection(SolutionConfigurationPlatforms) = preSolution
		Debug|Any CPU = Debug|Any CPU
		Release|Any CPU = Release|Any CPU
	EndGlobalSection
	GlobalSection(ProjectConfigurationPlatforms) = postSolution
		{0CAAFD51-E5B0-4F3F-929D-1A7F10B0035A}.Debug|Any CPU.ActiveCfg = Debug|Any CPU
		{0CAAFD51-E5B0-4F3F-929D-1A7F10B0035A}.Debug|Any CPU.Build.0 = Debug|Any CPU
		{0CAAFD51-E5B0-4F3F-929D-1A7F10B0035A}.Release|Any CPU.ActiveCfg = Release|Any CPU
		{0CAAFD51-E5B0-4F3F-929D-1A7F10B0035A}.Release|Any CPU.Build.0 = Release|Any CPU
	EndGlobalSection
	GlobalSection(SolutionProperties) = preSolution
		HideSolutionNode = FALSE
	EndGlobalSection
	GlobalSection(ExtensibilityGlobals) = postSolution
		SolutionGuid = {D45474F2-A6CC-4EFF-AA1A-2E9EA4770F5F}
	EndGlobalSection
EndGlobal
